{
  "name": "harvard_course_quiz",
  "version": "1.0.0",
  "lockfileVersion": 2,
  "requires": true,
  "packages": {
    "": {
      "name": "harvard_course_quiz",
      "version": "1.0.0",
      "license": "MIT",
      "dependencies": {
        "@materializecss/materialize": "^1.2.1",
        "@types/dompurify": "^2.4.0",
        "@types/marked": "^4.0.8",
        "dompurify": "^2.4.3",
        "marked": "^4.2.5"
      }
    },
    "node_modules/@materializecss/materialize": {
      "version": "1.2.1",
      "resolved": "https://registry.npmjs.org/@materializecss/materialize/-/materialize-1.2.1.tgz",
      "integrity": "sha512-/PsNu1OaMp+XdymdeM49/OynB5uE1gCNcuRCPjtei1BVrj9eJ1ZYxotbPiejSCB2zFr9BIAuxcvaT+8rupJfxA==",
      "hasInstallScript": true
    },
    "node_modules/@types/dompurify": {
      "version": "2.4.0",
      "resolved": "https://registry.npmjs.org/@types/dompurify/-/dompurify-2.4.0.tgz",
      "integrity": "sha512-IDBwO5IZhrKvHFUl+clZxgf3hn2b/lU6H1KaBShPkQyGJUQ0xwebezIPSuiyGwfz1UzJWQl4M7BDxtHtCCPlTg==",
      "dependencies": {
        "@types/trusted-types": "*"
      }
    },
    "node_modules/@types/marked": {
      "version": "4.0.8",
      "resolved": "https://registry.npmjs.org/@types/marked/-/marked-4.0.8.tgz",
      "integrity": "sha512-HVNzMT5QlWCOdeuBsgXP8EZzKUf0+AXzN+sLmjvaB3ZlLqO+e4u0uXrdw9ub69wBKFs+c6/pA4r9sy6cCDvImw=="
    },
    "node_modules/@types/trusted-types": {
      "version": "2.0.2",
      "resolved": "https://registry.npmjs.org/@types/trusted-types/-/trusted-types-2.0.2.tgz",
      "integrity": "sha512-F5DIZ36YVLE+PN+Zwws4kJogq47hNgX3Nx6WyDJ3kcplxyke3XIzB8uK5n/Lpm1HBsbGzd6nmGehL8cPekP+Tg=="
    },
    "node_modules/dompurify": {
      "version": "2.4.3",
      "resolved": "https://registry.npmjs.org/dompurify/-/dompurify-2.4.3.tgz",
      "integrity": "sha512-q6QaLcakcRjebxjg8/+NP+h0rPfatOgOzc46Fst9VAA3jF2ApfKBNKMzdP4DYTqtUMXSCd5pRS/8Po/OmoCHZQ=="
    },
    "node_modules/marked": {
      "version": "4.2.5",
      "resolved": "https://registry.npmjs.org/marked/-/marked-4.2.5.tgz",
      "integrity": "sha512-jPueVhumq7idETHkb203WDD4fMA3yV9emQ5vLwop58lu8bTclMghBWcYAavlDqIEMaisADinV1TooIFCfqOsYQ==",
      "bin": {
        "marked": "bin/marked.js"
      },
      "engines": {
        "node": ">= 12"
      }
    }
  },
  "dependencies": {
    "@materializecss/materialize": {
      "version": "1.2.1",
      "resolved": "https://registry.npmjs.org/@materializecss/materialize/-/materialize-1.2.1.tgz",
      "integrity": "sha512-/PsNu1OaMp+XdymdeM49/OynB5uE1gCNcuRCPjtei1BVrj9eJ1ZYxotbPiejSCB2zFr9BIAuxcvaT+8rupJfxA=="
    },
    "@types/dompurify": {
      "version": "2.4.0",
      "resolved": "https://registry.npmjs.org/@types/dompurify/-/dompurify-2.4.0.tgz",
      "integrity": "sha512-IDBwO5IZhrKvHFUl+clZxgf3hn2b/lU6H1KaBShPkQyGJUQ0xwebezIPSuiyGwfz1UzJWQl4M7BDxtHtCCPlTg==",
      "requires": {
        "@types/trusted-types": "*"
      }
    },
    "@types/marked": {
      "version": "4.0.8",
      "resolved": "https://registry.npmjs.org/@types/marked/-/marked-4.0.8.tgz",
      "integrity": "sha512-HVNzMT5QlWCOdeuBsgXP8EZzKUf0+AXzN+sLmjvaB3ZlLqO+e4u0uXrdw9ub69wBKFs+c6/pA4r9sy6cCDvImw=="
    },
    "@types/trusted-types": {
      "version": "2.0.2",
      "resolved": "https://registry.npmjs.org/@types/trusted-types/-/trusted-types-2.0.2.tgz",
      "integrity": "sha512-F5DIZ36YVLE+PN+Zwws4kJogq47hNgX3Nx6WyDJ3kcplxyke3XIzB8uK5n/Lpm1HBsbGzd6nmGehL8cPekP+Tg=="
    },
    "dompurify": {
      "version": "2.4.3",
      "resolved": "https://registry.npmjs.org/dompurify/-/dompurify-2.4.3.tgz",
      "integrity": "sha512-q6QaLcakcRjebxjg8/+NP+h0rPfatOgOzc46Fst9VAA3jF2ApfKBNKMzdP4DYTqtUMXSCd5pRS/8Po/OmoCHZQ=="
    },
    "marked": {
      "version": "4.2.5",
      "resolved": "https://registry.npmjs.org/marked/-/marked-4.2.5.tgz",
      "integrity": "sha512-jPueVhumq7idETHkb203WDD4fMA3yV9emQ5vLwop58lu8bTclMghBWcYAavlDqIEMaisADinV1TooIFCfqOsYQ=="
    }
  }
}
